
Microsoft Visual Studio Solution File, Format Version 12.00
# Visual Studio Version 16
VisualStudioVersion = 16.0.30225.117
MinimumVisualStudioVersion = 10.0.40219.1
Project("{9A19103F-16F7-4668-BE54-9A1E7A4F7556}") = "BlazingTasks.Server", "BlazingTasks\Server\BlazingTasks.Server.csproj", "{F2808545-348F-41B4-8218-64F89FC441B5}"
EndProject
Project("{9A19103F-16F7-4668-BE54-9A1E7A4F7556}") = "BlazingTasks.Client", "BlazingTasks\Client\BlazingTasks.Client.csproj", "{C69ABB10-54B4-4F71-BC2F-F18CC8D77FBF}"
EndProject
Project("{9A19103F-16F7-4668-BE54-9A1E7A4F7556}") = "BlazingTasks.Shared", "BlazingTasks\Shared\BlazingTasks.Shared.csproj", "{5728DEA4-294F-44B3-A4DA-CF3AF775AFFF}"
EndProject
Project("{FAE04EC0-301F-11D3-BF4B-00C04F79EFBC}") = "BlazingTasks.ClassLibrary", "BlazingTasks.ClassLibrary\BlazingTasks.ClassLibrary.csproj", "{51031A79-57EA-402A-8C18-BE5D03D8A3D7}"
EndProject
Global
	GlobalSection(SolutionConfigurationPlatforms) = preSolution
		Debug|Any CPU = Debug|Any CPU
		Release|Any CPU = Release|Any CPU
	EndGlobalSection
	GlobalSection(ProjectConfigurationPlatforms) = postSolution
		{F2808545-348F-41B4-8218-64F89FC441B5}.Debug|Any CPU.ActiveCfg = Debug|Any CPU
		{F2808545-348F-41B4-8218-64F89FC441B5}.Debug|Any CPU.Build.0 = Debug|Any CPU
		{F2808545-348F-41B4-8218-64F89FC441B5}.Release|Any CPU.ActiveCfg = Release|Any CPU
		{F2808545-348F-41B4-8218-64F89FC441B5}.Release|Any CPU.Build.0 = Release|Any CPU
		{C69ABB10-54B4-4F71-BC2F-F18CC8D77FBF}.Debug|Any CPU.ActiveCfg = Debug|Any CPU
		{C69ABB10-54B4-4F71-BC2F-F18CC8D77FBF}.Debug|Any CPU.Build.0 = Debug|Any CPU
		{C69ABB10-54B4-4F71-BC2F-F18CC8D77FBF}.Release|Any CPU.ActiveCfg = Release|Any CPU
		{C69ABB10-54B4-4F71-BC2F-F18CC8D77FBF}.Release|Any CPU.Build.0 = Release|Any CPU
		{5728DEA4-294F-44B3-A4DA-CF3AF775AFFF}.Debug|Any CPU.ActiveCfg = Debug|Any CPU
		{5728DEA4-294F-44B3-A4DA-CF3AF775AFFF}.Debug|Any CPU.Build.0 = Debug|Any CPU
		{5728DEA4-294F-44B3-A4DA-CF3AF775AFFF}.Release|Any CPU.ActiveCfg = Release|Any CPU
		{5728DEA4-294F-44B3-A4DA-CF3AF775AFFF}.Release|Any CPU.Build.0 = Release|Any CPU
		{51031A79-57EA-402A-8C18-BE5D03D8A3D7}.Debug|Any CPU.ActiveCfg = Debug|Any CPU
		{51031A79-57EA-402A-8C18-BE5D03D8A3D7}.Debug|Any CPU.Build.0 = Debug|Any CPU
		{51031A79-57EA-402A-8C18-BE5D03D8A3D7}.Release|Any CPU.ActiveCfg = Release|Any CPU
		{51031A79-57EA-402A-8C18-BE5D03D8A3D7}.Release|Any CPU.Build.0 = Release|Any CPU
	EndGlobalSection
	GlobalSection(SolutionProperties) = preSolution
		HideSolutionNode = FALSE
	EndGlobalSection
	GlobalSection(ExtensibilityGlobals) = postSolution
		SolutionGuid = {25CD9476-9C06-4246-8335-22DFF35873EA}
	EndGlobalSection
EndGlobal
