
Microsoft Visual Studio Solution File, Format Version 12.00
# Visual Studio Version 16
VisualStudioVersion = 16.0.30320.27
MinimumVisualStudioVersion = 10.0.40219.1
Project("{FAE04EC0-301F-11D3-BF4B-00C04F79EFBC}") = "BlazorLab1", "BlazorLab1\BlazorLab1.csproj", "{819B50B6-0BA1-4612-BA71-D329CDD7C363}"
EndProject
Global
	GlobalSection(SolutionConfigurationPlatforms) = preSolution
		Debug|Any CPU = Debug|Any CPU
		Release|Any CPU = Release|Any CPU
	EndGlobalSection
	GlobalSection(ProjectConfigurationPlatforms) = postSolution
		{819B50B6-0BA1-4612-BA71-D329CDD7C363}.Debug|Any CPU.ActiveCfg = Debug|Any CPU
		{819B50B6-0BA1-4612-BA71-D329CDD7C363}.Debug|Any CPU.Build.0 = Debug|Any CPU
		{819B50B6-0BA1-4612-BA71-D329CDD7C363}.Release|Any CPU.ActiveCfg = Release|Any CPU
		{819B50B6-0BA1-4612-BA71-D329CDD7C363}.Release|Any CPU.Build.0 = Release|Any CPU
	EndGlobalSection
	GlobalSection(SolutionProperties) = preSolution
		HideSolutionNode = FALSE
	EndGlobalSection
	GlobalSection(ExtensibilityGlobals) = postSolution
		SolutionGuid = {AAB6CC56-36DA-44A4-BB56-233870AE5C9A}
	EndGlobalSection
EndGlobal
